
Microsoft Visual Studio Solution File, Format Version 12.00
# Visual Studio Version 17
VisualStudioVersion = 17.7.34202.233
MinimumVisualStudioVersion = 10.0.40219.1
Project("{FAE04EC0-301F-11D3-BF4B-00C04F79EFBC}") = "Solution 2", "Solution 2\Solution 2.csproj", "{E6C3FE2F-4112-4465-952F-8386CB29638D}"
EndProject
Global
	GlobalSection(SolutionConfigurationPlatforms) = preSolution
		Debug|Any CPU = Debug|Any CPU
		Release|Any CPU = Release|Any CPU
	EndGlobalSection
	GlobalSection(ProjectConfigurationPlatforms) = postSolution
		{E6C3FE2F-4112-4465-952F-8386CB29638D}.Debug|Any CPU.ActiveCfg = Debug|Any CPU
		{E6C3FE2F-4112-4465-952F-8386CB29638D}.Debug|Any CPU.Build.0 = Debug|Any CPU
		{E6C3FE2F-4112-4465-952F-8386CB29638D}.Release|Any CPU.ActiveCfg = Release|Any CPU
		{E6C3FE2F-4112-4465-952F-8386CB29638D}.Release|Any CPU.Build.0 = Release|Any CPU
	EndGlobalSection
	GlobalSection(SolutionProperties) = preSolution
		HideSolutionNode = FALSE
	EndGlobalSection
	GlobalSection(ExtensibilityGlobals) = postSolution
		SolutionGuid = {83A89C98-6BC5-40E5-8759-9718D3C44691}
	EndGlobalSection
EndGlobal
